
Microsoft Visual Studio Solution File, Format Version 12.00
# Visual Studio 2012
Project("{FAE04EC0-301F-11D3-BF4B-00C04F79EFBC}") = "Meteo Lib", "Meteo Lib\Meteo Lib.csproj", "{C1868CCE-07ED-4C05-9ED3-92137DA9EA08}"
EndProject
Global
	GlobalSection(SolutionConfigurationPlatforms) = preSolution
		Debug|Any CPU = Debug|Any CPU
		Release|Any CPU = Release|Any CPU
	EndGlobalSection
	GlobalSection(ProjectConfigurationPlatforms) = postSolution
		{C1868CCE-07ED-4C05-9ED3-92137DA9EA08}.Debug|Any CPU.ActiveCfg = Debug|Any CPU
		{C1868CCE-07ED-4C05-9ED3-92137DA9EA08}.Debug|Any CPU.Build.0 = Debug|Any CPU
		{C1868CCE-07ED-4C05-9ED3-92137DA9EA08}.Release|Any CPU.ActiveCfg = Release|Any CPU
		{C1868CCE-07ED-4C05-9ED3-92137DA9EA08}.Release|Any CPU.Build.0 = Release|Any CPU
	EndGlobalSection
	GlobalSection(SolutionProperties) = preSolution
		HideSolutionNode = FALSE
	EndGlobalSection
EndGlobal
